// !$*UTF8*$!
{
	archiveVersion = 1;
	classes = {
	};
	objectVersion = 50;
	objects = {

/* Begin PBXBuildFile section */
		44DB5A0A21554FFC00619DBD /* AppDelegate.swift in Sources */ = {isa = PBXBuildFile; fileRef = 44DB5A0921554FFC00619DBD /* AppDelegate.swift */; };
		44DB5A0C21554FFC00619DBD /* ViewController.swift in Sources */ = {isa = PBXBuildFile; fileRef = 44DB5A0B21554FFC00619DBD /* ViewController.swift */; };
		44DB5A0F21554FFC00619DBD /* Main.storyboard in Resources */ = {isa = PBXBuildFile; fileRef = 44DB5A0D21554FFC00619DBD /* Main.storyboard */; };
		44DB5A112155500300619DBD /* Assets.xcassets in Resources */ = {isa = PBXBuildFile; fileRef = 44DB5A102155500300619DBD /* Assets.xcassets */; };
		44DB5A142155500300619DBD /* LaunchScreen.storyboard in Resources */ = {isa = PBXBuildFile; fileRef = 44DB5A122155500300619DBD /* LaunchScreen.storyboard */; };
		44DB5A1F2155500300619DBD /* Galleria_ProTests.swift in Sources */ = {isa = PBXBuildFile; fileRef = 44DB5A1E2155500300619DBD /* Galleria_ProTests.swift */; };
		44DB5A2A2155500300619DBD /* Galleria_ProUITests.swift in Sources */ = {isa = PBXBuildFile; fileRef = 44DB5A292155500300619DBD /* Galleria_ProUITests.swift */; };
/* End PBXBuildFile section */

/* Begin PBXContainerItemProxy section */
		44DB5A1B2155500300619DBD /* PBXContainerItemProxy */ = {
			isa = PBXContainerItemProxy;
			containerPortal = 44DB59FE21554FFC00619DBD /* Project object */;
			proxyType = 1;
			remoteGlobalIDString = 44DB5A0521554FFC00619DBD;
			remoteInfo = "Galleria Pro";
		};
		44DB5A262155500300619DBD /* PBXContainerItemProxy */ = {
			isa = PBXContainerItemProxy;
			containerPortal = 44DB59FE21554FFC00619DBD /* Project object */;
			proxyType = 1;
			remoteGlobalIDString = 44DB5A0521554FFC00619DBD;
			remoteInfo = "Galleria Pro";
		};
/* End PBXContainerItemProxy section */

/* Begin PBXFileReference section */
		44DB5A0621554FFC00619DBD /* Galleria Pro.app */ = {isa = PBXFileReference; explicitFileType = wrapper.application; includeInIndex = 0; path = "Galleria Pro.app"; sourceTree = BUILT_PRODUCTS_DIR; };
		44DB5A0921554FFC00619DBD /* AppDelegate.swift */ = {isa = PBXFileReference; lastKnownFileType = sourcecode.swift; path = AppDelegate.swift; sourceTree = "<group>"; };
		44DB5A0B21554FFC00619DBD /* ViewController.swift */ = {isa = PBXFileReference; lastKnownFileType = sourcecode.swift; path = ViewController.swift; sourceTree = "<group>"; };
		44DB5A0E21554FFC00619DBD /* Base */ = {isa = PBXFileReference; lastKnownFileType = file.storyboard; name = Base; path = Base.lproj/Main.storyboard; sourceTree = "<group>"; };
		44DB5A102155500300619DBD /* Assets.xcassets */ = {isa = PBXFileReference; lastKnownFileType = folder.assetcatalog; path = Assets.xcassets; sourceTree = "<group>"; };
		44DB5A132155500300619DBD /* Base */ = {isa = PBXFileReference; lastKnownFileType = file.storyboard; name = Base; path = Base.lproj/LaunchScreen.storyboard; sourceTree = "<group>"; };
		44DB5A152155500300619DBD /* Info.plist */ = {isa = PBXFileReference; lastKnownFileType = text.plist.xml; path = Info.plist; sourceTree = "<group>"; };
		44DB5A1A2155500300619DBD /* Galleria ProTests.xctest */ = {isa = PBXFileReference; explicitFileType = wrapper.cfbundle; includeInIndex = 0; path = "Galleria ProTests.xctest"; sourceTree = BUILT_PRODUCTS_DIR; };
		44DB5A1E2155500300619DBD /* Galleria_ProTests.swift */ = {isa = PBXFileReference; lastKnownFileType = sourcecode.swift; path = Galleria_ProTests.swift; sourceTree = "<group>"; };
		44DB5A202155500300619DBD /* Info.plist */ = {isa = PBXFileReference; lastKnownFileType = text.plist.xml; path = Info.plist; sourceTree = "<group>"; };
		44DB5A252155500300619DBD /* Galleria ProUITests.xctest */ = {isa = PBXFileReference; explicitFileType = wrapper.cfbundle; includeInIndex = 0; path = "Galleria ProUITests.xctest"; sourceTree = BUILT_PRODUCTS_DIR; };
		44DB5A292155500300619DBD /* Galleria_ProUITests.swift */ = {isa = PBXFileReference; lastKnownFileType = sourcecode.swift; path = Galleria_ProUITests.swift; sourceTree = "<group>"; };
		44DB5A2B2155500300619DBD /* Info.plist */ = {isa = PBXFileReference; lastKnownFileType = text.plist.xml; path = Info.plist; sourceTree = "<group>"; };
/* End PBXFileReference section */

/* Begin PBXFrameworksBuildPhase section */
		44DB5A0321554FFC00619DBD /* Frameworks */ = {
			isa = PBXFrameworksBuildPhase;
			buildActionMask = 2147483647;
			files = (
			);
			runOnlyForDeploymentPostprocessing = 0;
		};
		44DB5A172155500300619DBD /* Frameworks */ = {
			isa = PBXFrameworksBuildPhase;
			buildActionMask = 2147483647;
			files = (
			);
			runOnlyForDeploymentPostprocessing = 0;
		};
		44DB5A222155500300619DBD /* Frameworks */ = {
			isa = PBXFrameworksBuildPhase;
			buildActionMask = 2147483647;
			files = (
			);
			runOnlyForDeploymentPostprocessing = 0;
		};
/* End PBXFrameworksBuildPhase section */

/* Begin PBXGroup section */
		44DB59FD21554FFC00619DBD = {
			isa = PBXGroup;
			children = (
				44DB5A0821554FFC00619DBD /* Galleria Pro */,
				44DB5A1D2155500300619DBD /* Galleria ProTests */,
				44DB5A282155500300619DBD /* Galleria ProUITests */,
				44DB5A0721554FFC00619DBD /* Products */,
			);
			sourceTree = "<group>";
		};
		44DB5A0721554FFC00619DBD /* Products */ = {
			isa = PBXGroup;
			children = (
				44DB5A0621554FFC00619DBD /* Galleria Pro.app */,
				44DB5A1A2155500300619DBD /* Galleria ProTests.xctest */,
				44DB5A252155500300619DBD /* Galleria ProUITests.xctest */,
			);
			name = Products;
			sourceTree = "<group>";
		};
		44DB5A0821554FFC00619DBD /* Galleria Pro */ = {
			isa = PBXGroup;
			children = (
				44DB5A0921554FFC00619DBD /* AppDelegate.swift */,
				44DB5A0B21554FFC00619DBD /* ViewController.swift */,
				44DB5A0D21554FFC00619DBD /* Main.storyboard */,
				44DB5A102155500300619DBD /* Assets.xcassets */,
				44DB5A122155500300619DBD /* LaunchScreen.storyboard */,
				44DB5A152155500300619DBD /* Info.plist */,
			);
			path = "Galleria Pro";
			sourceTree = "<group>";
		};
		44DB5A1D2155500300619DBD /* Galleria ProTests */ = {
			isa = PBXGroup;
			children = (
				44DB5A1E2155500300619DBD /* Galleria_ProTests.swift */,
				44DB5A202155500300619DBD /* Info.plist */,
			);
			path = "Galleria ProTests";
			sourceTree = "<group>";
		};
		44DB5A282155500300619DBD /* Galleria ProUITests */ = {
			isa = PBXGroup;
			children = (
				44DB5A292155500300619DBD /* Galleria_ProUITests.swift */,
				44DB5A2B2155500300619DBD /* Info.plist */,
			);
			path = "Galleria ProUITests";
			sourceTree = "<group>";
		};
/* End PBXGroup section */

/* Begin PBXNativeTarget section */
		44DB5A0521554FFC00619DBD /* Galleria Pro */ = {
			isa = PBXNativeTarget;
			buildConfigurationList = 44DB5A2E2155500400619DBD /* Build configuration list for PBXNativeTarget "Galleria Pro" */;
			buildPhases = (
				44DB5A0221554FFC00619DBD /* Sources */,
				44DB5A0321554FFC00619DBD /* Frameworks */,
				44DB5A0421554FFC00619DBD /* Resources */,
			);
			buildRules = (
			);
			dependencies = (
			);
			name = "Galleria Pro";
			productName = "Galleria Pro";
			productReference = 44DB5A0621554FFC00619DBD /* Galleria Pro.app */;
			productType = "com.apple.product-type.application";
		};
		44DB5A192155500300619DBD /* Galleria ProTests */ = {
			isa = PBXNativeTarget;
			buildConfigurationList = 44DB5A312155500400619DBD /* Build configuration list for PBXNativeTarget "Galleria ProTests" */;
			buildPhases = (
				44DB5A162155500300619DBD /* Sources */,
				44DB5A172155500300619DBD /* Frameworks */,
				44DB5A182155500300619DBD /* Resources */,
			);
			buildRules = (
			);
			dependencies = (
				44DB5A1C2155500300619DBD /* PBXTargetDependency */,
			);
			name = "Galleria ProTests";
			productName = "Galleria ProTests";
			productReference = 44DB5A1A2155500300619DBD /* Galleria ProTests.xctest */;
			productType = "com.apple.product-type.bundle.unit-test";
		};
		44DB5A242155500300619DBD /* Galleria ProUITests */ = {
			isa = PBXNativeTarget;
			buildConfigurationList = 44DB5A342155500400619DBD /* Build configuration list for PBXNativeTarget "Galleria ProUITests" */;
			buildPhases = (
				44DB5A212155500300619DBD /* Sources */,
				44DB5A222155500300619DBD /* Frameworks */,
				44DB5A232155500300619DBD /* Resources */,
			);
			buildRules = (
			);
			dependencies = (
				44DB5A272155500300619DBD /* PBXTargetDependency */,
			);
			name = "Galleria ProUITests";
			productName = "Galleria ProUITests";
			productReference = 44DB5A252155500300619DBD /* Galleria ProUITests.xctest */;
			productType = "com.apple.product-type.bundle.ui-testing";
		};
/* End PBXNativeTarget section */

/* Begin PBXProject section */
		44DB59FE21554FFC00619DBD /* Project object */ = {
			isa = PBXProject;
			attributes = {
				LastSwiftUpdateCheck = 0940;
				LastUpgradeCheck = 0940;
				ORGANIZATIONNAME = "Giorgio Sertori";
				TargetAttributes = {
					44DB5A0521554FFC00619DBD = {
						CreatedOnToolsVersion = 9.4.1;
					};
					44DB5A192155500300619DBD = {
						CreatedOnToolsVersion = 9.4.1;
						TestTargetID = 44DB5A0521554FFC00619DBD;
					};
					44DB5A242155500300619DBD = {
						CreatedOnToolsVersion = 9.4.1;
						TestTargetID = 44DB5A0521554FFC00619DBD;
					};
				};
			};
			buildConfigurationList = 44DB5A0121554FFC00619DBD /* Build configuration list for PBXProject "Galleria Pro" */;
			compatibilityVersion = "Xcode 9.3";
			developmentRegion = en;
			hasScannedForEncodings = 0;
			knownRegions = (
				en,
				Base,
			);
			mainGroup = 44DB59FD21554FFC00619DBD;
			productRefGroup = 44DB5A0721554FFC00619DBD /* Products */;
			projectDirPath = "";
			projectRoot = "";
			targets = (
				44DB5A0521554FFC00619DBD /* Galleria Pro */,
				44DB5A192155500300619DBD /* Galleria ProTests */,
				44DB5A242155500300619DBD /* Galleria ProUITests */,
			);
		};
/* End PBXProject section */

/* Begin PBXResourcesBuildPhase section */
		44DB5A0421554FFC00619DBD /* Resources */ = {
			isa = PBXResourcesBuildPhase;
			buildActionMask = 2147483647;
			files = (
				44DB5A142155500300619DBD /* LaunchScreen.storyboard in Resources */,
				44DB5A112155500300619DBD /* Assets.xcassets in Resources */,
				44DB5A0F21554FFC00619DBD /* Main.storyboard in Resources */,
			);
			runOnlyForDeploymentPostprocessing = 0;
		};
		44DB5A182155500300619DBD /* Resources */ = {
			isa = PBXResourcesBuildPhase;
			buildActionMask = 2147483647;
			files = (
			);
			runOnlyForDeploymentPostprocessing = 0;
		};
		44DB5A232155500300619DBD /* Resources */ = {
			isa = PBXResourcesBuildPhase;
			buildActionMask = 2147483647;
			files = (
			);
			runOnlyForDeploymentPostprocessing = 0;
		};
/* End PBXResourcesBuildPhase section */

/* Begin PBXSourcesBuildPhase section */
		44DB5A0221554FFC00619DBD /* Sources */ = {
			isa = PBXSourcesBuildPhase;
			buildActionMask = 2147483647;
			files = (
				44DB5A0C21554FFC00619DBD /* ViewController.swift in Sources */,
				44DB5A0A21554FFC00619DBD /* AppDelegate.swift in Sources */,
			);
			runOnlyForDeploymentPostprocessing = 0;
		};
		44DB5A162155500300619DBD /* Sources */ = {
			isa = PBXSourcesBuildPhase;
			buildActionMask = 2147483647;
			files = (
				44DB5A1F2155500300619DBD /* Galleria_ProTests.swift in Sources */,
			);
			runOnlyForDeploymentPostprocessing = 0;
		};
		44DB5A212155500300619DBD /* Sources */ = {
			isa = PBXSourcesBuildPhase;
			buildActionMask = 2147483647;
			files = (
				44DB5A2A2155500300619DBD /* Galleria_ProUITests.swift in Sources */,
			);
			runOnlyForDeploymentPostprocessing = 0;
		};
/* End PBXSourcesBuildPhase section */

/* Begin PBXTargetDependency section */
		44DB5A1C2155500300619DBD /* PBXTargetDependency */ = {
			isa = PBXTargetDependency;
			target = 44DB5A0521554FFC00619DBD /* Galleria Pro */;
			targetProxy = 44DB5A1B2155500300619DBD /* PBXContainerItemProxy */;
		};
		44DB5A272155500300619DBD /* PBXTargetDependency */ = {
			isa = PBXTargetDependency;
			target = 44DB5A0521554FFC00619DBD /* Galleria Pro */;
			targetProxy = 44DB5A262155500300619DBD /* PBXContainerItemProxy */;
		};
/* End PBXTargetDependency section */

/* Begin PBXVariantGroup section */
		44DB5A0D21554FFC00619DBD /* Main.storyboard */ = {
			isa = PBXVariantGroup;
			children = (
				44DB5A0E21554FFC00619DBD /* Base */,
			);
			name = Main.storyboard;
			sourceTree = "<group>";
		};
		44DB5A122155500300619DBD /* LaunchScreen.storyboard */ = {
			isa = PBXVariantGroup;
			children = (
				44DB5A132155500300619DBD /* Base */,
			);
			name = LaunchScreen.storyboard;
			sourceTree = "<group>";
		};
/* End PBXVariantGroup section */

/* Begin XCBuildConfiguration section */
		44DB5A2C2155500400619DBD /* Debug */ = {
			isa = XCBuildConfiguration;
			buildSettings = {
				ALWAYS_SEARCH_USER_PATHS = NO;
				CLANG_ANALYZER_NONNULL = YES;
				CLANG_ANALYZER_NUMBER_OBJECT_CONVERSION = YES_AGGRESSIVE;
				CLANG_CXX_LANGUAGE_STANDARD = "gnu++14";
				CLANG_CXX_LIBRARY = "libc++";
				CLANG_ENABLE_MODULES = YES;
				CLANG_ENABLE_OBJC_ARC = YES;
				CLANG_ENABLE_OBJC_WEAK = YES;
				CLANG_WARN_BLOCK_CAPTURE_AUTORELEASING = YES;
				CLANG_WARN_BOOL_CONVERSION = YES;
				CLANG_WARN_COMMA = YES;
				CLANG_WARN_CONSTANT_CONVERSION = YES;
				CLANG_WARN_DEPRECATED_OBJC_IMPLEMENTATIONS = YES;
				CLANG_WARN_DIRECT_OBJC_ISA_USAGE = YES_ERROR;
				CLANG_WARN_DOCUMENTATION_COMMENTS = YES;
				CLANG_WARN_EMPTY_BODY = YES;
				CLANG_WARN_ENUM_CONVERSION = YES;
				CLANG_WARN_INFINITE_RECURSION = YES;
				CLANG_WARN_INT_CONVERSION = YES;
				CLANG_WARN_NON_LITERAL_NULL_CONVERSION = YES;
				CLANG_WARN_OBJC_IMPLICIT_RETAIN_SELF = YES;
				CLANG_WARN_OBJC_LITERAL_CONVERSION = YES;
				CLANG_WARN_OBJC_ROOT_CLASS = YES_ERROR;
				CLANG_WARN_RANGE_LOOP_ANALYSIS = YES;
				CLANG_WARN_STRICT_PROTOTYPES = YES;
				CLANG_WARN_SUSPICIOUS_MOVE = YES;
				CLANG_WARN_UNGUARDED_AVAILABILITY = YES_AGGRESSIVE;
				CLANG_WARN_UNREACHABLE_CODE = YES;
				CLANG_WARN__DUPLICATE_METHOD_MATCH = YES;
				CODE_SIGN_IDENTITY = "iPhone Developer";
				COPY_PHASE_STRIP = NO;
				DEBUG_INFORMATION_FORMAT = dwarf;
				ENABLE_STRICT_OBJC_MSGSEND = YES;
				ENABLE_TESTABILITY = YES;
				GCC_C_LANGUAGE_STANDARD = gnu11;
				GCC_DYNAMIC_NO_PIC = NO;
				GCC_NO_COMMON_BLOCKS = YES;
				GCC_OPTIMIZATION_LEVEL = 0;
				GCC_PREPROCESSOR_DEFINITIONS = (
					"DEBUG=1",
					"$(inherited)",
				);
				GCC_WARN_64_TO_32_BIT_CONVERSION = YES;
				GCC_WARN_ABOUT_RETURN_TYPE = YES_ERROR;
				GCC_WARN_UNDECLARED_SELECTOR = YES;
				GCC_WARN_UNINITIALIZED_AUTOS = YES_AGGRESSIVE;
				GCC_WARN_UNUSED_FUNCTION = YES;
				GCC_WARN_UNUSED_VARIABLE = YES;
				IPHONEOS_DEPLOYMENT_TARGET = 11.4;
				MTL_ENABLE_DEBUG_INFO = YES;
				ONLY_ACTIVE_ARCH = YES;
				SDKROOT = iphoneos;
				SWIFT_ACTIVE_COMPILATION_CONDITIONS = DEBUG;
				SWIFT_OPTIMIZATION_LEVEL = "-Onone";
			};
			name = Debug;
		};
		44DB5A2D2155500400619DBD /* Release */ = {
			isa = XCBuildConfiguration;
			buildSettings = {
				ALWAYS_SEARCH_USER_PATHS = NO;
				CLANG_ANALYZER_NONNULL = YES;
				CLANG_ANALYZER_NUMBER_OBJECT_CONVERSION = YES_AGGRESSIVE;
				CLANG_CXX_LANGUAGE_STANDARD = "gnu++14";
				CLANG_CXX_LIBRARY = "libc++";
				CLANG_ENABLE_MODULES = YES;
				CLANG_ENABLE_OBJC_ARC = YES;
				CLANG_ENABLE_OBJC_WEAK = YES;
				CLANG_WARN_BLOCK_CAPTURE_AUTORELEASING = YES;
				CLANG_WARN_BOOL_CONVERSION = YES;
				CLANG_WARN_COMMA = YES;
				CLANG_WARN_CONSTANT_CONVERSION = YES;
				CLANG_WARN_DEPRECATED_OBJC_IMPLEMENTATIONS = YES;
				CLANG_WARN_DIRECT_OBJC_ISA_USAGE = YES_ERROR;
				CLANG_WARN_DOCUMENTATION_COMMENTS = YES;
				CLANG_WARN_EMPTY_BODY = YES;
				CLANG_WARN_ENUM_CONVERSION = YES;
				CLANG_WARN_INFINITE_RECURSION = YES;
				CLANG_WARN_INT_CONVERSION = YES;
				CLANG_WARN_NON_LITERAL_NULL_CONVERSION = YES;
				CLANG_WARN_OBJC_IMPLICIT_RETAIN_SELF = YES;
				CLANG_WARN_OBJC_LITERAL_CONVERSION = YES;
				CLANG_WARN_OBJC_ROOT_CLASS = YES_ERROR;
				CLANG_WARN_RANGE_LOOP_ANALYSIS = YES;
				CLANG_WARN_STRICT_PROTOTYPES = YES;
				CLANG_WARN_SUSPICIOUS_MOVE = YES;
				CLANG_WARN_UNGUARDED_AVAILABILITY = YES_AGGRESSIVE;
				CLANG_WARN_UNREACHABLE_CODE = YES;
				CLANG_WARN__DUPLICATE_METHOD_MATCH = YES;
				CODE_SIGN_IDENTITY = "iPhone Developer";
				COPY_PHASE_STRIP = NO;
				DEBUG_INFORMATION_FORMAT = "dwarf-with-dsym";
				ENABLE_NS_ASSERTIONS = NO;
				ENABLE_STRICT_OBJC_MSGSEND = YES;
				GCC_C_LANGUAGE_STANDARD = gnu11;
				GCC_NO_COMMON_BLOCKS = YES;
				GCC_WARN_64_TO_32_BIT_CONVERSION = YES;
				GCC_WARN_ABOUT_RETURN_TYPE = YES_ERROR;
				GCC_WARN_UNDECLARED_SELECTOR = YES;
				GCC_WARN_UNINITIALIZED_AUTOS = YES_AGGRESSIVE;
				GCC_WARN_UNUSED_FUNCTION = YES;
				GCC_WARN_UNUSED_VARIABLE = YES;
				IPHONEOS_DEPLOYMENT_TARGET = 11.4;
				MTL_ENABLE_DEBUG_INFO = NO;
				SDKROOT = iphoneos;
				SWIFT_COMPILATION_MODE = wholemodule;
				SWIFT_OPTIMIZATION_LEVEL = "-O";
				VALIDATE_PRODUCT = YES;
			};
			name = Release;
		};
		44DB5A2F2155500400619DBD /* Debug */ = {
			isa = XCBuildConfiguration;
			buildSettings = {
				ASSETCATALOG_COMPILER_APPICON_NAME = AppIcon;
				CODE_SIGN_STYLE = Automatic;
				INFOPLIST_FILE = "Galleria Pro/Info.plist";
				LD_RUNPATH_SEARCH_PATHS = (
					"$(inherited)",
					"@executable_path/Frameworks",
				);
				PRODUCT_BUNDLE_IDENTIFIER = "giorgio.Galleria-Pro";
				PRODUCT_NAME = "$(TARGET_NAME)";
				SWIFT_VERSION = 4.0;
				TARGETED_DEVICE_FAMILY = "1,2";
			};
			name = Debug;
		};
		44DB5A302155500400619DBD /* Release */ = {
			isa = XCBuildConfiguration;
			buildSettings = {
				ASSETCATALOG_COMPILER_APPICON_NAME = AppIcon;
				CODE_SIGN_STYLE = Automatic;
				INFOPLIST_FILE = "Galleria Pro/Info.plist";
				LD_RUNPATH_SEARCH_PATHS = (
					"$(inherited)",
					"@executable_path/Frameworks",
				);
				PRODUCT_BUNDLE_IDENTIFIER = "giorgio.Galleria-Pro";
				PRODUCT_NAME = "$(TARGET_NAME)";
				SWIFT_VERSION = 4.0;
				TARGETED_DEVICE_FAMILY = "1,2";
			};
			name = Release;
		};
		44DB5A322155500400619DBD /* Debug */ = {
			isa = XCBuildConfiguration;
			buildSettings = {
				ALWAYS_EMBED_SWIFT_STANDARD_LIBRARIES = YES;
				BUNDLE_LOADER = "$(TEST_HOST)";
				CODE_SIGN_STYLE = Automatic;
				INFOPLIST_FILE = "Galleria ProTests/Info.plist";
				LD_RUNPATH_SEARCH_PATHS = (
					"$(inherited)",
					"@executable_path/Frameworks",
					"@loader_path/Frameworks",
				);
				PRODUCT_BUNDLE_IDENTIFIER = "giorgio.Galleria-ProTests";
				PRODUCT_NAME = "$(TARGET_NAME)";
				SWIFT_VERSION = 4.0;
				TARGETED_DEVICE_FAMILY = "1,2";
				TEST_HOST = "$(BUILT_PRODUCTS_DIR)/Galleria Pro.app/Galleria Pro";
			};
			name = Debug;
		};
		44DB5A332155500400619DBD /* Release */ = {
			isa = XCBuildConfiguration;
			buildSettings = {
				ALWAYS_EMBED_SWIFT_STANDARD_LIBRARIES = YES;
				BUNDLE_LOADER = "$(TEST_HOST)";
				CODE_SIGN_STYLE = Automatic;
				INFOPLIST_FILE = "Galleria ProTests/Info.plist";
				LD_RUNPATH_SEARCH_PATHS = (
					"$(inherited)",
					"@executable_path/Frameworks",
					"@loader_path/Frameworks",
				);
				PRODUCT_BUNDLE_IDENTIFIER = "giorgio.Galleria-ProTests";
				PRODUCT_NAME = "$(TARGET_NAME)";
				SWIFT_VERSION = 4.0;
				TARGETED_DEVICE_FAMILY = "1,2";
				TEST_HOST = "$(BUILT_PRODUCTS_DIR)/Galleria Pro.app/Galleria Pro";
			};
			name = Release;
		};
		44DB5A352155500400619DBD /* Debug */ = {
			isa = XCBuildConfiguration;
			buildSettings = {
				ALWAYS_EMBED_SWIFT_STANDARD_LIBRARIES = YES;
				CODE_SIGN_STYLE = Automatic;
				INFOPLIST_FILE = "Galleria ProUITests/Info.plist";
				LD_RUNPATH_SEARCH_PATHS = (
					"$(inherited)",
					"@executable_path/Frameworks",
					"@loader_path/Frameworks",
				);
				PRODUCT_BUNDLE_IDENTIFIER = "giorgio.Galleria-ProUITests";
				PRODUCT_NAME = "$(TARGET_NAME)";
				SWIFT_VERSION = 4.0;
				TARGETED_DEVICE_FAMILY = "1,2";
				TEST_TARGET_NAME = "Galleria Pro";
			};
			name = Debug;
		};
		44DB5A362155500400619DBD /* Release */ = {
			isa = XCBuildConfiguration;
			buildSettings = {
				ALWAYS_EMBED_SWIFT_STANDARD_LIBRARIES = YES;
				CODE_SIGN_STYLE = Automatic;
				INFOPLIST_FILE = "Galleria ProUITests/Info.plist";
				LD_RUNPATH_SEARCH_PATHS = (
					"$(inherited)",
					"@executable_path/Frameworks",
					"@loader_path/Frameworks",
				);
				PRODUCT_BUNDLE_IDENTIFIER = "giorgio.Galleria-ProUITests";
				PRODUCT_NAME = "$(TARGET_NAME)";
				SWIFT_VERSION = 4.0;
				TARGETED_DEVICE_FAMILY = "1,2";
				TEST_TARGET_NAME = "Galleria Pro";
			};
			name = Release;
		};
/* End XCBuildConfiguration section */

/* Begin XCConfigurationList section */
		44DB5A0121554FFC00619DBD /* Build configuration list for PBXProject "Galleria Pro" */ = {
			isa = XCConfigurationList;
			buildConfigurations = (
				44DB5A2C2155500400619DBD /* Debug */,
				44DB5A2D2155500400619DBD /* Release */,
			);
			defaultConfigurationIsVisible = 0;
			defaultConfigurationName = Release;
		};
		44DB5A2E2155500400619DBD /* Build configuration list for PBXNativeTarget "Galleria Pro" */ = {
			isa = XCConfigurationList;
			buildConfigurations = (
				44DB5A2F2155500400619DBD /* Debug */,
				44DB5A302155500400619DBD /* Release */,
			);
			defaultConfigurationIsVisible = 0;
			defaultConfigurationName = Release;
		};
		44DB5A312155500400619DBD /* Build configuration list for PBXNativeTarget "Galleria ProTests" */ = {
			isa = XCConfigurationList;
			buildConfigurations = (
				44DB5A322155500400619DBD /* Debug */,
				44DB5A332155500400619DBD /* Release */,
			);
			defaultConfigurationIsVisible = 0;
			defaultConfigurationName = Release;
		};
		44DB5A342155500400619DBD /* Build configuration list for PBXNativeTarget "Galleria ProUITests" */ = {
			isa = XCConfigurationList;
			buildConfigurations = (
				44DB5A352155500400619DBD /* Debug */,
				44DB5A362155500400619DBD /* Release */,
			);
			defaultConfigurationIsVisible = 0;
			defaultConfigurationName = Release;
		};
/* End XCConfigurationList section */
	};
	rootObject = 44DB59FE21554FFC00619DBD /* Project object */;
}
